
Microsoft Visual Studio Solution File, Format Version 12.00
# Visual Studio Version 17
VisualStudioVersion = 17.10.34916.146
MinimumVisualStudioVersion = 10.0.40219.1
Project("{FAE04EC0-301F-11D3-BF4B-00C04F79EFBC}") = "shearwell-test", "shearwell-test\shearwell-test.csproj", "{155101DC-6923-4067-97DB-356E761C7CC4}"
EndProject
Global
	GlobalSection(SolutionConfigurationPlatforms) = preSolution
		Debug|Any CPU = Debug|Any CPU
		Release|Any CPU = Release|Any CPU
	EndGlobalSection
	GlobalSection(ProjectConfigurationPlatforms) = postSolution
		{155101DC-6923-4067-97DB-356E761C7CC4}.Debug|Any CPU.ActiveCfg = Debug|Any CPU
		{155101DC-6923-4067-97DB-356E761C7CC4}.Debug|Any CPU.Build.0 = Debug|Any CPU
		{155101DC-6923-4067-97DB-356E761C7CC4}.Release|Any CPU.ActiveCfg = Release|Any CPU
		{155101DC-6923-4067-97DB-356E761C7CC4}.Release|Any CPU.Build.0 = Release|Any CPU
	EndGlobalSection
	GlobalSection(SolutionProperties) = preSolution
		HideSolutionNode = FALSE
	EndGlobalSection
	GlobalSection(ExtensibilityGlobals) = postSolution
		SolutionGuid = {4B176BED-C36D-419B-BF23-5FE07C89A6BD}
	EndGlobalSection
EndGlobal
